// !$*UTF8*$!
{
	archiveVersion = 1;
	classes = {
	};
	objectVersion = 50;
	objects = {

/* Begin PBXBuildFile section */
		87B9712D24FB9E0500AE8761 /* AppDelegate.swift in Sources */ = {isa = PBXBuildFile; fileRef = 87B9712C24FB9E0500AE8761 /* AppDelegate.swift */; };
		87B9712F24FB9E0500AE8761 /* SceneDelegate.swift in Sources */ = {isa = PBXBuildFile; fileRef = 87B9712E24FB9E0500AE8761 /* SceneDelegate.swift */; };
		87B9713124FB9E0500AE8761 /* ViewController.swift in Sources */ = {isa = PBXBuildFile; fileRef = 87B9713024FB9E0500AE8761 /* ViewController.swift */; };
		87B9713424FB9E0500AE8761 /* Main.storyboard in Resources */ = {isa = PBXBuildFile; fileRef = 87B9713224FB9E0500AE8761 /* Main.storyboard */; };
		87B9713624FB9E0800AE8761 /* Assets.xcassets in Resources */ = {isa = PBXBuildFile; fileRef = 87B9713524FB9E0800AE8761 /* Assets.xcassets */; };
		87B9713924FB9E0800AE8761 /* LaunchScreen.storyboard in Resources */ = {isa = PBXBuildFile; fileRef = 87B9713724FB9E0800AE8761 /* LaunchScreen.storyboard */; };
/* End PBXBuildFile section */

/* Begin PBXFileReference section */
		87B9712924FB9E0500AE8761 /* tinkoffCourses.app */ = {isa = PBXFileReference; explicitFileType = wrapper.application; includeInIndex = 0; path = tinkoffCourses.app; sourceTree = BUILT_PRODUCTS_DIR; };
		87B9712C24FB9E0500AE8761 /* AppDelegate.swift */ = {isa = PBXFileReference; lastKnownFileType = sourcecode.swift; path = AppDelegate.swift; sourceTree = "<group>"; };
		87B9712E24FB9E0500AE8761 /* SceneDelegate.swift */ = {isa = PBXFileReference; lastKnownFileType = sourcecode.swift; path = SceneDelegate.swift; sourceTree = "<group>"; };
		87B9713024FB9E0500AE8761 /* ViewController.swift */ = {isa = PBXFileReference; lastKnownFileType = sourcecode.swift; path = ViewController.swift; sourceTree = "<group>"; };
		87B9713324FB9E0500AE8761 /* Base */ = {isa = PBXFileReference; lastKnownFileType = file.storyboard; name = Base; path = Base.lproj/Main.storyboard; sourceTree = "<group>"; };
		87B9713524FB9E0800AE8761 /* Assets.xcassets */ = {isa = PBXFileReference; lastKnownFileType = folder.assetcatalog; path = Assets.xcassets; sourceTree = "<group>"; };
		87B9713824FB9E0800AE8761 /* Base */ = {isa = PBXFileReference; lastKnownFileType = file.storyboard; name = Base; path = Base.lproj/LaunchScreen.storyboard; sourceTree = "<group>"; };
		87B9713A24FB9E0800AE8761 /* Info.plist */ = {isa = PBXFileReference; lastKnownFileType = text.plist.xml; path = Info.plist; sourceTree = "<group>"; };
/* End PBXFileReference section */

/* Begin PBXFrameworksBuildPhase section */
		87B9712624FB9E0400AE8761 /* Frameworks */ = {
			isa = PBXFrameworksBuildPhase;
			buildActionMask = 2147483647;
			files = (
			);
			runOnlyForDeploymentPostprocessing = 0;
		};
/* End PBXFrameworksBuildPhase section */

/* Begin PBXGroup section */
		87B9712024FB9E0400AE8761 = {
			isa = PBXGroup;
			children = (
				87B9712B24FB9E0500AE8761 /* tinkoffCourses */,
				87B9712A24FB9E0500AE8761 /* Products */,
			);
			sourceTree = "<group>";
		};
		87B9712A24FB9E0500AE8761 /* Products */ = {
			isa = PBXGroup;
			children = (
				87B9712924FB9E0500AE8761 /* tinkoffCourses.app */,
			);
			name = Products;
			sourceTree = "<group>";
		};
		87B9712B24FB9E0500AE8761 /* tinkoffCourses */ = {
			isa = PBXGroup;
			children = (
				87B9712C24FB9E0500AE8761 /* AppDelegate.swift */,
				87B9712E24FB9E0500AE8761 /* SceneDelegate.swift */,
				87B9713024FB9E0500AE8761 /* ViewController.swift */,
				87B9713224FB9E0500AE8761 /* Main.storyboard */,
				87B9713524FB9E0800AE8761 /* Assets.xcassets */,
				87B9713724FB9E0800AE8761 /* LaunchScreen.storyboard */,
				87B9713A24FB9E0800AE8761 /* Info.plist */,
			);
			path = tinkoffCourses;
			sourceTree = "<group>";
		};
/* End PBXGroup section */

/* Begin PBXNativeTarget section */
		87B9712824FB9E0400AE8761 /* tinkoffCourses */ = {
			isa = PBXNativeTarget;
			buildConfigurationList = 87B9713D24FB9E0800AE8761 /* Build configuration list for PBXNativeTarget "tinkoffCourses" */;
			buildPhases = (
				87B9712524FB9E0400AE8761 /* Sources */,
				87B9712624FB9E0400AE8761 /* Frameworks */,
				87B9712724FB9E0400AE8761 /* Resources */,
			);
			buildRules = (
			);
			dependencies = (
			);
			name = tinkoffCourses;
			productName = tinkoffCourses;
			productReference = 87B9712924FB9E0500AE8761 /* tinkoffCourses.app */;
			productType = "com.apple.product-type.application";
		};
/* End PBXNativeTarget section */

/* Begin PBXProject section */
		87B9712124FB9E0400AE8761 /* Project object */ = {
			isa = PBXProject;
			attributes = {
				LastSwiftUpdateCheck = 1160;
				LastUpgradeCheck = 1160;
				ORGANIZATIONNAME = "Михаил";
				TargetAttributes = {
					87B9712824FB9E0400AE8761 = {
						CreatedOnToolsVersion = 11.6;
					};
				};
			};
			buildConfigurationList = 87B9712424FB9E0400AE8761 /* Build configuration list for PBXProject "tinkoffCourses" */;
			compatibilityVersion = "Xcode 9.3";
			developmentRegion = en;
			hasScannedForEncodings = 0;
			knownRegions = (
				en,
				Base,
			);
			mainGroup = 87B9712024FB9E0400AE8761;
			productRefGroup = 87B9712A24FB9E0500AE8761 /* Products */;
			projectDirPath = "";
			projectRoot = "";
			targets = (
				87B9712824FB9E0400AE8761 /* tinkoffCourses */,
			);
		};
/* End PBXProject section */

/* Begin PBXResourcesBuildPhase section */
		87B9712724FB9E0400AE8761 /* Resources */ = {
			isa = PBXResourcesBuildPhase;
			buildActionMask = 2147483647;
			files = (
				87B9713924FB9E0800AE8761 /* LaunchScreen.storyboard in Resources */,
				87B9713624FB9E0800AE8761 /* Assets.xcassets in Resources */,
				87B9713424FB9E0500AE8761 /* Main.storyboard in Resources */,
			);
			runOnlyForDeploymentPostprocessing = 0;
		};
/* End PBXResourcesBuildPhase section */

/* Begin PBXSourcesBuildPhase section */
		87B9712524FB9E0400AE8761 /* Sources */ = {
			isa = PBXSourcesBuildPhase;
			buildActionMask = 2147483647;
			files = (
				87B9713124FB9E0500AE8761 /* ViewController.swift in Sources */,
				87B9712D24FB9E0500AE8761 /* AppDelegate.swift in Sources */,
				87B9712F24FB9E0500AE8761 /* SceneDelegate.swift in Sources */,
			);
			runOnlyForDeploymentPostprocessing = 0;
		};
/* End PBXSourcesBuildPhase section */

/* Begin PBXVariantGroup section */
		87B9713224FB9E0500AE8761 /* Main.storyboard */ = {
			isa = PBXVariantGroup;
			children = (
				87B9713324FB9E0500AE8761 /* Base */,
			);
			name = Main.storyboard;
			sourceTree = "<group>";
		};
		87B9713724FB9E0800AE8761 /* LaunchScreen.storyboard */ = {
			isa = PBXVariantGroup;
			children = (
				87B9713824FB9E0800AE8761 /* Base */,
			);
			name = LaunchScreen.storyboard;
			sourceTree = "<group>";
		};
/* End PBXVariantGroup section */

/* Begin XCBuildConfiguration section */
		87B9713B24FB9E0800AE8761 /* Debug */ = {
			isa = XCBuildConfiguration;
			buildSettings = {
				ALWAYS_SEARCH_USER_PATHS = NO;
				CLANG_ANALYZER_NONNULL = YES;
				CLANG_ANALYZER_NUMBER_OBJECT_CONVERSION = YES_AGGRESSIVE;
				CLANG_CXX_LANGUAGE_STANDARD = "gnu++14";
				CLANG_CXX_LIBRARY = "libc++";
				CLANG_ENABLE_MODULES = YES;
				CLANG_ENABLE_OBJC_ARC = YES;
				CLANG_ENABLE_OBJC_WEAK = YES;
				CLANG_WARN_BLOCK_CAPTURE_AUTORELEASING = YES;
				CLANG_WARN_BOOL_CONVERSION = YES;
				CLANG_WARN_COMMA = YES;
				CLANG_WARN_CONSTANT_CONVERSION = YES;
				CLANG_WARN_DEPRECATED_OBJC_IMPLEMENTATIONS = YES;
				CLANG_WARN_DIRECT_OBJC_ISA_USAGE = YES_ERROR;
				CLANG_WARN_DOCUMENTATION_COMMENTS = YES;
				CLANG_WARN_EMPTY_BODY = YES;
				CLANG_WARN_ENUM_CONVERSION = YES;
				CLANG_WARN_INFINITE_RECURSION = YES;
				CLANG_WARN_INT_CONVERSION = YES;
				CLANG_WARN_NON_LITERAL_NULL_CONVERSION = YES;
				CLANG_WARN_OBJC_IMPLICIT_RETAIN_SELF = YES;
				CLANG_WARN_OBJC_LITERAL_CONVERSION = YES;
				CLANG_WARN_OBJC_ROOT_CLASS = YES_ERROR;
				CLANG_WARN_RANGE_LOOP_ANALYSIS = YES;
				CLANG_WARN_STRICT_PROTOTYPES = YES;
				CLANG_WARN_SUSPICIOUS_MOVE = YES;
				CLANG_WARN_UNGUARDED_AVAILABILITY = YES_AGGRESSIVE;
				CLANG_WARN_UNREACHABLE_CODE = YES;
				CLANG_WARN__DUPLICATE_METHOD_MATCH = YES;
				COPY_PHASE_STRIP = NO;
				DEBUG_INFORMATION_FORMAT = dwarf;
				ENABLE_STRICT_OBJC_MSGSEND = YES;
				ENABLE_TESTABILITY = YES;
				GCC_C_LANGUAGE_STANDARD = gnu11;
				GCC_DYNAMIC_NO_PIC = NO;
				GCC_NO_COMMON_BLOCKS = YES;
				GCC_OPTIMIZATION_LEVEL = 0;
				GCC_PREPROCESSOR_DEFINITIONS = (
					"DEBUG=1",
					"$(inherited)",
				);
				GCC_WARN_64_TO_32_BIT_CONVERSION = YES;
				GCC_WARN_ABOUT_RETURN_TYPE = YES_ERROR;
				GCC_WARN_UNDECLARED_SELECTOR = YES;
				GCC_WARN_UNINITIALIZED_AUTOS = YES_AGGRESSIVE;
				GCC_WARN_UNUSED_FUNCTION = YES;
				GCC_WARN_UNUSED_VARIABLE = YES;
				IPHONEOS_DEPLOYMENT_TARGET = 13.6;
				MTL_ENABLE_DEBUG_INFO = INCLUDE_SOURCE;
				MTL_FAST_MATH = YES;
				ONLY_ACTIVE_ARCH = YES;
				SDKROOT = iphoneos;
				SWIFT_ACTIVE_COMPILATION_CONDITIONS = DEBUG;
				SWIFT_OPTIMIZATION_LEVEL = "-Onone";
			};
			name = Debug;
		};
		87B9713C24FB9E0800AE8761 /* Release */ = {
			isa = XCBuildConfiguration;
			buildSettings = {
				ALWAYS_SEARCH_USER_PATHS = NO;
				CLANG_ANALYZER_NONNULL = YES;
				CLANG_ANALYZER_NUMBER_OBJECT_CONVERSION = YES_AGGRESSIVE;
				CLANG_CXX_LANGUAGE_STANDARD = "gnu++14";
				CLANG_CXX_LIBRARY = "libc++";
				CLANG_ENABLE_MODULES = YES;
				CLANG_ENABLE_OBJC_ARC = YES;
				CLANG_ENABLE_OBJC_WEAK = YES;
				CLANG_WARN_BLOCK_CAPTURE_AUTORELEASING = YES;
				CLANG_WARN_BOOL_CONVERSION = YES;
				CLANG_WARN_COMMA = YES;
				CLANG_WARN_CONSTANT_CONVERSION = YES;
				CLANG_WARN_DEPRECATED_OBJC_IMPLEMENTATIONS = YES;
				CLANG_WARN_DIRECT_OBJC_ISA_USAGE = YES_ERROR;
				CLANG_WARN_DOCUMENTATION_COMMENTS = YES;
				CLANG_WARN_EMPTY_BODY = YES;
				CLANG_WARN_ENUM_CONVERSION = YES;
				CLANG_WARN_INFINITE_RECURSION = YES;
				CLANG_WARN_INT_CONVERSION = YES;
				CLANG_WARN_NON_LITERAL_NULL_CONVERSION = YES;
				CLANG_WARN_OBJC_IMPLICIT_RETAIN_SELF = YES;
				CLANG_WARN_OBJC_LITERAL_CONVERSION = YES;
				CLANG_WARN_OBJC_ROOT_CLASS = YES_ERROR;
				CLANG_WARN_RANGE_LOOP_ANALYSIS = YES;
				CLANG_WARN_STRICT_PROTOTYPES = YES;
				CLANG_WARN_SUSPICIOUS_MOVE = YES;
				CLANG_WARN_UNGUARDED_AVAILABILITY = YES_AGGRESSIVE;
				CLANG_WARN_UNREACHABLE_CODE = YES;
				CLANG_WARN__DUPLICATE_METHOD_MATCH = YES;
				COPY_PHASE_STRIP = NO;
				DEBUG_INFORMATION_FORMAT = "dwarf-with-dsym";
				ENABLE_NS_ASSERTIONS = NO;
				ENABLE_STRICT_OBJC_MSGSEND = YES;
				GCC_C_LANGUAGE_STANDARD = gnu11;
				GCC_NO_COMMON_BLOCKS = YES;
				GCC_WARN_64_TO_32_BIT_CONVERSION = YES;
				GCC_WARN_ABOUT_RETURN_TYPE = YES_ERROR;
				GCC_WARN_UNDECLARED_SELECTOR = YES;
				GCC_WARN_UNINITIALIZED_AUTOS = YES_AGGRESSIVE;
				GCC_WARN_UNUSED_FUNCTION = YES;
				GCC_WARN_UNUSED_VARIABLE = YES;
				IPHONEOS_DEPLOYMENT_TARGET = 13.6;
				MTL_ENABLE_DEBUG_INFO = NO;
				MTL_FAST_MATH = YES;
				SDKROOT = iphoneos;
				SWIFT_COMPILATION_MODE = wholemodule;
				SWIFT_OPTIMIZATION_LEVEL = "-O";
				VALIDATE_PRODUCT = YES;
			};
			name = Release;
		};
		87B9713E24FB9E0800AE8761 /* Debug */ = {
			isa = XCBuildConfiguration;
			buildSettings = {
				ASSETCATALOG_COMPILER_APPICON_NAME = AppIcon;
				CODE_SIGN_STYLE = Automatic;
				DEVELOPMENT_TEAM = 6T5WGSH57B;
				INFOPLIST_FILE = tinkoffCourses/Info.plist;
				LD_RUNPATH_SEARCH_PATHS = (
					"$(inherited)",
					"@executable_path/Frameworks",
				);
				PRODUCT_BUNDLE_IDENTIFIER = Mikhail.tinkoffCourses;
				PRODUCT_NAME = "$(TARGET_NAME)";
				SWIFT_VERSION = 5.0;
				TARGETED_DEVICE_FAMILY = "1,2";
			};
			name = Debug;
		};
		87B9713F24FB9E0800AE8761 /* Release */ = {
			isa = XCBuildConfiguration;
			buildSettings = {
				ASSETCATALOG_COMPILER_APPICON_NAME = AppIcon;
				CODE_SIGN_STYLE = Automatic;
				DEVELOPMENT_TEAM = 6T5WGSH57B;
				INFOPLIST_FILE = tinkoffCourses/Info.plist;
				LD_RUNPATH_SEARCH_PATHS = (
					"$(inherited)",
					"@executable_path/Frameworks",
				);
				PRODUCT_BUNDLE_IDENTIFIER = Mikhail.tinkoffCourses;
				PRODUCT_NAME = "$(TARGET_NAME)";
				SWIFT_VERSION = 5.0;
				TARGETED_DEVICE_FAMILY = "1,2";
			};
			name = Release;
		};
/* End XCBuildConfiguration section */

/* Begin XCConfigurationList section */
		87B9712424FB9E0400AE8761 /* Build configuration list for PBXProject "tinkoffCourses" */ = {
			isa = XCConfigurationList;
			buildConfigurations = (
				87B9713B24FB9E0800AE8761 /* Debug */,
				87B9713C24FB9E0800AE8761 /* Release */,
			);
			defaultConfigurationIsVisible = 0;
			defaultConfigurationName = Release;
		};
		87B9713D24FB9E0800AE8761 /* Build configuration list for PBXNativeTarget "tinkoffCourses" */ = {
			isa = XCConfigurationList;
			buildConfigurations = (
				87B9713E24FB9E0800AE8761 /* Debug */,
				87B9713F24FB9E0800AE8761 /* Release */,
			);
			defaultConfigurationIsVisible = 0;
			defaultConfigurationName = Release;
		};
/* End XCConfigurationList section */
	};
	rootObject = 87B9712124FB9E0400AE8761 /* Project object */;
}
